
Microsoft Visual Studio Solution File, Format Version 12.00
Project("{FAE04EC0-301F-11D3-BF4B-00C04F79EFBC}") = "QLog", "QLog\QLog.csproj", "{C134895E-B49F-448C-875A-FB727BC1A4FE}"
EndProject
Project("{FAE04EC0-301F-11D3-BF4B-00C04F79EFBC}") = "Test", "Test\Test.csproj", "{C1E693F5-D99A-4C73-8549-52E5E91D3B43}"
EndProject
Global
	GlobalSection(SolutionConfigurationPlatforms) = preSolution
		Debug|Any CPU = Debug|Any CPU
		Release|Any CPU = Release|Any CPU
	EndGlobalSection
	GlobalSection(ProjectConfigurationPlatforms) = postSolution
		{C134895E-B49F-448C-875A-FB727BC1A4FE}.Debug|Any CPU.ActiveCfg = Debug|Any CPU
		{C134895E-B49F-448C-875A-FB727BC1A4FE}.Debug|Any CPU.Build.0 = Debug|Any CPU
		{C134895E-B49F-448C-875A-FB727BC1A4FE}.Release|Any CPU.ActiveCfg = Release|Any CPU
		{C134895E-B49F-448C-875A-FB727BC1A4FE}.Release|Any CPU.Build.0 = Release|Any CPU
		{C1E693F5-D99A-4C73-8549-52E5E91D3B43}.Debug|Any CPU.ActiveCfg = Debug|Any CPU
		{C1E693F5-D99A-4C73-8549-52E5E91D3B43}.Debug|Any CPU.Build.0 = Debug|Any CPU
		{C1E693F5-D99A-4C73-8549-52E5E91D3B43}.Release|Any CPU.ActiveCfg = Release|Any CPU
		{C1E693F5-D99A-4C73-8549-52E5E91D3B43}.Release|Any CPU.Build.0 = Release|Any CPU
	EndGlobalSection
EndGlobal
